
Microsoft Visual Studio Solution File, Format Version 12.00
# Visual Studio 15
VisualStudioVersion = 15.0.28010.2016
MinimumVisualStudioVersion = 10.0.40219.1
Project("{FAE04EC0-301F-11D3-BF4B-00C04F79EFBC}") = "VS_GIT", "VS_GIT\VS_GIT.csproj", "{B4B5B797-9D0A-45A7-B35B-B7E7201A3678}"
EndProject
Global
	GlobalSection(SolutionConfigurationPlatforms) = preSolution
		Debug|Any CPU = Debug|Any CPU
		Release|Any CPU = Release|Any CPU
	EndGlobalSection
	GlobalSection(ProjectConfigurationPlatforms) = postSolution
		{B4B5B797-9D0A-45A7-B35B-B7E7201A3678}.Debug|Any CPU.ActiveCfg = Debug|Any CPU
		{B4B5B797-9D0A-45A7-B35B-B7E7201A3678}.Debug|Any CPU.Build.0 = Debug|Any CPU
		{B4B5B797-9D0A-45A7-B35B-B7E7201A3678}.Release|Any CPU.ActiveCfg = Release|Any CPU
		{B4B5B797-9D0A-45A7-B35B-B7E7201A3678}.Release|Any CPU.Build.0 = Release|Any CPU
	EndGlobalSection
	GlobalSection(SolutionProperties) = preSolution
		HideSolutionNode = FALSE
	EndGlobalSection
	GlobalSection(ExtensibilityGlobals) = postSolution
		SolutionGuid = {719BEC7A-DE7D-46A9-9BA6-2B7376D748E1}
	EndGlobalSection
EndGlobal
